
Microsoft Visual Studio Solution File, Format Version 12.00
# Visual Studio 15
VisualStudioVersion = 15.0.28307.779
MinimumVisualStudioVersion = 10.0.40219.1
Project("{8BC9CEB8-8B4A-11D0-8D11-00A0C91BC942}") = "CGLab", "CGLab\CGLab.vcxproj", "{066518C6-7944-4102-80D3-CDC36161F94E}"
EndProject
Project("{8BC9CEB8-8B4A-11D0-8D11-00A0C91BC942}") = "serp2D", "serp2D\serp2D.vcxproj", "{E0EFBB87-FD99-453C-A92D-F62579A44C1D}"
EndProject
Project("{8BC9CEB8-8B4A-11D0-8D11-00A0C91BC942}") = "serp3D", "serp3D\serp3D.vcxproj", "{F4A15C82-3CA5-4A4E-A6D8-8C2927EAE6E4}"
EndProject
Project("{8BC9CEB8-8B4A-11D0-8D11-00A0C91BC942}") = "cube", "cube\cube.vcxproj", "{F1494EC6-8FDF-4246-B237-2ABC2B6CC2B5}"
EndProject
Project("{8BC9CEB8-8B4A-11D0-8D11-00A0C91BC942}") = "line", "line\line.vcxproj", "{97D87DD3-4472-4E32-9831-F712AEFB95F5}"
EndProject
Project("{8BC9CEB8-8B4A-11D0-8D11-00A0C91BC942}") = "Bezier", "Bezier\Bezier.vcxproj", "{E549C05F-F380-415D-A3F8-E31329153AA2}"
EndProject
Project("{8BC9CEB8-8B4A-11D0-8D11-00A0C91BC942}") = "CurveMenu", "CurveMenu\CurveMenu.vcxproj", "{AF0507EF-951E-45D5-A018-BC0B248A1F3D}"
EndProject
Project("{8BC9CEB8-8B4A-11D0-8D11-00A0C91BC942}") = "Car", "Car\Car.vcxproj", "{C3ADA2D6-5909-41F8-8CC1-E4E85E7E3DB0}"
EndProject
Project("{8BC9CEB8-8B4A-11D0-8D11-00A0C91BC942}") = "polyClipping", "polyClipping\polyClipping.vcxproj", "{68D019F2-7345-4402-BEC7-7FCB2DA344B3}"
EndProject
Project("{8BC9CEB8-8B4A-11D0-8D11-00A0C91BC942}") = "liangLineClip", "liangLineClip\liangLineClip.vcxproj", "{4853BE29-BBB1-4542-8400-CB250D1B5051}"
EndProject
Project("{8BC9CEB8-8B4A-11D0-8D11-00A0C91BC942}") = "circle", "circle\circle.vcxproj", "{EFBB6F53-2043-475D-973C-F9F47FEED426}"
EndProject
Project("{8BC9CEB8-8B4A-11D0-8D11-00A0C91BC942}") = "3Dserpinsky", "3Dserpinsky\3Dserpinsky.vcxproj", "{335A342B-D111-476C-BC49-4E084C289EEE}"
EndProject
Project("{8BC9CEB8-8B4A-11D0-8D11-00A0C91BC942}") = "houseTransform", "houseTransform\houseTransform.vcxproj", "{0580B0FD-F1FF-40C0-AAED-FB3C73295DAA}"
EndProject
Project("{8BC9CEB8-8B4A-11D0-8D11-00A0C91BC942}") = "cohenClip", "cohenClip\cohenClip.vcxproj", "{B5825EBE-3CE8-4631-B96F-CF2671AA95A2}"
EndProject
Project("{8BC9CEB8-8B4A-11D0-8D11-00A0C91BC942}") = "scanLine", "scanLine\scanLine.vcxproj", "{E11B75EE-9CFD-4F9F-B920-12005DB4D9D1}"
EndProject
Global
	GlobalSection(SolutionConfigurationPlatforms) = preSolution
		Debug|x64 = Debug|x64
		Debug|x86 = Debug|x86
		Release|x64 = Release|x64
		Release|x86 = Release|x86
	EndGlobalSection
	GlobalSection(ProjectConfigurationPlatforms) = postSolution
		{066518C6-7944-4102-80D3-CDC36161F94E}.Debug|x64.ActiveCfg = Debug|x64
		{066518C6-7944-4102-80D3-CDC36161F94E}.Debug|x64.Build.0 = Debug|x64
		{066518C6-7944-4102-80D3-CDC36161F94E}.Debug|x86.ActiveCfg = Debug|Win32
		{066518C6-7944-4102-80D3-CDC36161F94E}.Debug|x86.Build.0 = Debug|Win32
		{066518C6-7944-4102-80D3-CDC36161F94E}.Release|x64.ActiveCfg = Release|x64
		{066518C6-7944-4102-80D3-CDC36161F94E}.Release|x64.Build.0 = Release|x64
		{066518C6-7944-4102-80D3-CDC36161F94E}.Release|x86.ActiveCfg = Release|Win32
		{066518C6-7944-4102-80D3-CDC36161F94E}.Release|x86.Build.0 = Release|Win32
		{E0EFBB87-FD99-453C-A92D-F62579A44C1D}.Debug|x64.ActiveCfg = Debug|x64
		{E0EFBB87-FD99-453C-A92D-F62579A44C1D}.Debug|x64.Build.0 = Debug|x64
		{E0EFBB87-FD99-453C-A92D-F62579A44C1D}.Debug|x86.ActiveCfg = Debug|Win32
		{E0EFBB87-FD99-453C-A92D-F62579A44C1D}.Debug|x86.Build.0 = Debug|Win32
		{E0EFBB87-FD99-453C-A92D-F62579A44C1D}.Release|x64.ActiveCfg = Release|x64
		{E0EFBB87-FD99-453C-A92D-F62579A44C1D}.Release|x64.Build.0 = Release|x64
		{E0EFBB87-FD99-453C-A92D-F62579A44C1D}.Release|x86.ActiveCfg = Release|Win32
		{E0EFBB87-FD99-453C-A92D-F62579A44C1D}.Release|x86.Build.0 = Release|Win32
		{F4A15C82-3CA5-4A4E-A6D8-8C2927EAE6E4}.Debug|x64.ActiveCfg = Debug|x64
		{F4A15C82-3CA5-4A4E-A6D8-8C2927EAE6E4}.Debug|x64.Build.0 = Debug|x64
		{F4A15C82-3CA5-4A4E-A6D8-8C2927EAE6E4}.Debug|x86.ActiveCfg = Debug|Win32
		{F4A15C82-3CA5-4A4E-A6D8-8C2927EAE6E4}.Debug|x86.Build.0 = Debug|Win32
		{F4A15C82-3CA5-4A4E-A6D8-8C2927EAE6E4}.Release|x64.ActiveCfg = Release|x64
		{F4A15C82-3CA5-4A4E-A6D8-8C2927EAE6E4}.Release|x64.Build.0 = Release|x64
		{F4A15C82-3CA5-4A4E-A6D8-8C2927EAE6E4}.Release|x86.ActiveCfg = Release|Win32
		{F4A15C82-3CA5-4A4E-A6D8-8C2927EAE6E4}.Release|x86.Build.0 = Release|Win32
		{F1494EC6-8FDF-4246-B237-2ABC2B6CC2B5}.Debug|x64.ActiveCfg = Debug|x64
		{F1494EC6-8FDF-4246-B237-2ABC2B6CC2B5}.Debug|x64.Build.0 = Debug|x64
		{F1494EC6-8FDF-4246-B237-2ABC2B6CC2B5}.Debug|x86.ActiveCfg = Debug|Win32
		{F1494EC6-8FDF-4246-B237-2ABC2B6CC2B5}.Debug|x86.Build.0 = Debug|Win32
		{F1494EC6-8FDF-4246-B237-2ABC2B6CC2B5}.Release|x64.ActiveCfg = Release|x64
		{F1494EC6-8FDF-4246-B237-2ABC2B6CC2B5}.Release|x64.Build.0 = Release|x64
		{F1494EC6-8FDF-4246-B237-2ABC2B6CC2B5}.Release|x86.ActiveCfg = Release|Win32
		{F1494EC6-8FDF-4246-B237-2ABC2B6CC2B5}.Release|x86.Build.0 = Release|Win32
		{97D87DD3-4472-4E32-9831-F712AEFB95F5}.Debug|x64.ActiveCfg = Debug|x64
		{97D87DD3-4472-4E32-9831-F712AEFB95F5}.Debug|x64.Build.0 = Debug|x64
		{97D87DD3-4472-4E32-9831-F712AEFB95F5}.Debug|x86.ActiveCfg = Debug|Win32
		{97D87DD3-4472-4E32-9831-F712AEFB95F5}.Debug|x86.Build.0 = Debug|Win32
		{97D87DD3-4472-4E32-9831-F712AEFB95F5}.Release|x64.ActiveCfg = Release|x64
		{97D87DD3-4472-4E32-9831-F712AEFB95F5}.Release|x64.Build.0 = Release|x64
		{97D87DD3-4472-4E32-9831-F712AEFB95F5}.Release|x86.ActiveCfg = Release|Win32
		{97D87DD3-4472-4E32-9831-F712AEFB95F5}.Release|x86.Build.0 = Release|Win32
		{E549C05F-F380-415D-A3F8-E31329153AA2}.Debug|x64.ActiveCfg = Debug|x64
		{E549C05F-F380-415D-A3F8-E31329153AA2}.Debug|x64.Build.0 = Debug|x64
		{E549C05F-F380-415D-A3F8-E31329153AA2}.Debug|x86.ActiveCfg = Debug|Win32
		{E549C05F-F380-415D-A3F8-E31329153AA2}.Debug|x86.Build.0 = Debug|Win32
		{E549C05F-F380-415D-A3F8-E31329153AA2}.Release|x64.ActiveCfg = Release|x64
		{E549C05F-F380-415D-A3F8-E31329153AA2}.Release|x64.Build.0 = Release|x64
		{E549C05F-F380-415D-A3F8-E31329153AA2}.Release|x86.ActiveCfg = Release|Win32
		{E549C05F-F380-415D-A3F8-E31329153AA2}.Release|x86.Build.0 = Release|Win32
		{AF0507EF-951E-45D5-A018-BC0B248A1F3D}.Debug|x64.ActiveCfg = Debug|x64
		{AF0507EF-951E-45D5-A018-BC0B248A1F3D}.Debug|x64.Build.0 = Debug|x64
		{AF0507EF-951E-45D5-A018-BC0B248A1F3D}.Debug|x86.ActiveCfg = Debug|Win32
		{AF0507EF-951E-45D5-A018-BC0B248A1F3D}.Debug|x86.Build.0 = Debug|Win32
		{AF0507EF-951E-45D5-A018-BC0B248A1F3D}.Release|x64.ActiveCfg = Release|x64
		{AF0507EF-951E-45D5-A018-BC0B248A1F3D}.Release|x64.Build.0 = Release|x64
		{AF0507EF-951E-45D5-A018-BC0B248A1F3D}.Release|x86.ActiveCfg = Release|Win32
		{AF0507EF-951E-45D5-A018-BC0B248A1F3D}.Release|x86.Build.0 = Release|Win32
		{C3ADA2D6-5909-41F8-8CC1-E4E85E7E3DB0}.Debug|x64.ActiveCfg = Debug|x64
		{C3ADA2D6-5909-41F8-8CC1-E4E85E7E3DB0}.Debug|x64.Build.0 = Debug|x64
		{C3ADA2D6-5909-41F8-8CC1-E4E85E7E3DB0}.Debug|x86.ActiveCfg = Debug|Win32
		{C3ADA2D6-5909-41F8-8CC1-E4E85E7E3DB0}.Debug|x86.Build.0 = Debug|Win32
		{C3ADA2D6-5909-41F8-8CC1-E4E85E7E3DB0}.Release|x64.ActiveCfg = Release|x64
		{C3ADA2D6-5909-41F8-8CC1-E4E85E7E3DB0}.Release|x64.Build.0 = Release|x64
		{C3ADA2D6-5909-41F8-8CC1-E4E85E7E3DB0}.Release|x86.ActiveCfg = Release|Win32
		{C3ADA2D6-5909-41F8-8CC1-E4E85E7E3DB0}.Release|x86.Build.0 = Release|Win32
		{68D019F2-7345-4402-BEC7-7FCB2DA344B3}.Debug|x64.ActiveCfg = Debug|x64
		{68D019F2-7345-4402-BEC7-7FCB2DA344B3}.Debug|x64.Build.0 = Debug|x64
		{68D019F2-7345-4402-BEC7-7FCB2DA344B3}.Debug|x86.ActiveCfg = Debug|Win32
		{68D019F2-7345-4402-BEC7-7FCB2DA344B3}.Debug|x86.Build.0 = Debug|Win32
		{68D019F2-7345-4402-BEC7-7FCB2DA344B3}.Release|x64.ActiveCfg = Release|x64
		{68D019F2-7345-4402-BEC7-7FCB2DA344B3}.Release|x64.Build.0 = Release|x64
		{68D019F2-7345-4402-BEC7-7FCB2DA344B3}.Release|x86.ActiveCfg = Release|Win32
		{68D019F2-7345-4402-BEC7-7FCB2DA344B3}.Release|x86.Build.0 = Release|Win32
		{4853BE29-BBB1-4542-8400-CB250D1B5051}.Debug|x64.ActiveCfg = Debug|x64
		{4853BE29-BBB1-4542-8400-CB250D1B5051}.Debug|x64.Build.0 = Debug|x64
		{4853BE29-BBB1-4542-8400-CB250D1B5051}.Debug|x86.ActiveCfg = Debug|Win32
		{4853BE29-BBB1-4542-8400-CB250D1B5051}.Debug|x86.Build.0 = Debug|Win32
		{4853BE29-BBB1-4542-8400-CB250D1B5051}.Release|x64.ActiveCfg = Release|x64
		{4853BE29-BBB1-4542-8400-CB250D1B5051}.Release|x64.Build.0 = Release|x64
		{4853BE29-BBB1-4542-8400-CB250D1B5051}.Release|x86.ActiveCfg = Release|Win32
		{4853BE29-BBB1-4542-8400-CB250D1B5051}.Release|x86.Build.0 = Release|Win32
		{EFBB6F53-2043-475D-973C-F9F47FEED426}.Debug|x64.ActiveCfg = Debug|x64
		{EFBB6F53-2043-475D-973C-F9F47FEED426}.Debug|x64.Build.0 = Debug|x64
		{EFBB6F53-2043-475D-973C-F9F47FEED426}.Debug|x86.ActiveCfg = Debug|Win32
		{EFBB6F53-2043-475D-973C-F9F47FEED426}.Debug|x86.Build.0 = Debug|Win32
		{EFBB6F53-2043-475D-973C-F9F47FEED426}.Release|x64.ActiveCfg = Release|x64
		{EFBB6F53-2043-475D-973C-F9F47FEED426}.Release|x64.Build.0 = Release|x64
		{EFBB6F53-2043-475D-973C-F9F47FEED426}.Release|x86.ActiveCfg = Release|Win32
		{EFBB6F53-2043-475D-973C-F9F47FEED426}.Release|x86.Build.0 = Release|Win32
		{335A342B-D111-476C-BC49-4E084C289EEE}.Debug|x64.ActiveCfg = Debug|x64
		{335A342B-D111-476C-BC49-4E084C289EEE}.Debug|x64.Build.0 = Debug|x64
		{335A342B-D111-476C-BC49-4E084C289EEE}.Debug|x86.ActiveCfg = Debug|Win32
		{335A342B-D111-476C-BC49-4E084C289EEE}.Debug|x86.Build.0 = Debug|Win32
		{335A342B-D111-476C-BC49-4E084C289EEE}.Release|x64.ActiveCfg = Release|x64
		{335A342B-D111-476C-BC49-4E084C289EEE}.Release|x64.Build.0 = Release|x64
		{335A342B-D111-476C-BC49-4E084C289EEE}.Release|x86.ActiveCfg = Release|Win32
		{335A342B-D111-476C-BC49-4E084C289EEE}.Release|x86.Build.0 = Release|Win32
		{0580B0FD-F1FF-40C0-AAED-FB3C73295DAA}.Debug|x64.ActiveCfg = Debug|x64
		{0580B0FD-F1FF-40C0-AAED-FB3C73295DAA}.Debug|x64.Build.0 = Debug|x64
		{0580B0FD-F1FF-40C0-AAED-FB3C73295DAA}.Debug|x86.ActiveCfg = Debug|Win32
		{0580B0FD-F1FF-40C0-AAED-FB3C73295DAA}.Debug|x86.Build.0 = Debug|Win32
		{0580B0FD-F1FF-40C0-AAED-FB3C73295DAA}.Release|x64.ActiveCfg = Release|x64
		{0580B0FD-F1FF-40C0-AAED-FB3C73295DAA}.Release|x64.Build.0 = Release|x64
		{0580B0FD-F1FF-40C0-AAED-FB3C73295DAA}.Release|x86.ActiveCfg = Release|Win32
		{0580B0FD-F1FF-40C0-AAED-FB3C73295DAA}.Release|x86.Build.0 = Release|Win32
		{B5825EBE-3CE8-4631-B96F-CF2671AA95A2}.Debug|x64.ActiveCfg = Debug|x64
		{B5825EBE-3CE8-4631-B96F-CF2671AA95A2}.Debug|x64.Build.0 = Debug|x64
		{B5825EBE-3CE8-4631-B96F-CF2671AA95A2}.Debug|x86.ActiveCfg = Debug|Win32
		{B5825EBE-3CE8-4631-B96F-CF2671AA95A2}.Debug|x86.Build.0 = Debug|Win32
		{B5825EBE-3CE8-4631-B96F-CF2671AA95A2}.Release|x64.ActiveCfg = Release|x64
		{B5825EBE-3CE8-4631-B96F-CF2671AA95A2}.Release|x64.Build.0 = Release|x64
		{B5825EBE-3CE8-4631-B96F-CF2671AA95A2}.Release|x86.ActiveCfg = Release|Win32
		{B5825EBE-3CE8-4631-B96F-CF2671AA95A2}.Release|x86.Build.0 = Release|Win32
		{E11B75EE-9CFD-4F9F-B920-12005DB4D9D1}.Debug|x64.ActiveCfg = Debug|x64
		{E11B75EE-9CFD-4F9F-B920-12005DB4D9D1}.Debug|x64.Build.0 = Debug|x64
		{E11B75EE-9CFD-4F9F-B920-12005DB4D9D1}.Debug|x86.ActiveCfg = Debug|Win32
		{E11B75EE-9CFD-4F9F-B920-12005DB4D9D1}.Debug|x86.Build.0 = Debug|Win32
		{E11B75EE-9CFD-4F9F-B920-12005DB4D9D1}.Release|x64.ActiveCfg = Release|x64
		{E11B75EE-9CFD-4F9F-B920-12005DB4D9D1}.Release|x64.Build.0 = Release|x64
		{E11B75EE-9CFD-4F9F-B920-12005DB4D9D1}.Release|x86.ActiveCfg = Release|Win32
		{E11B75EE-9CFD-4F9F-B920-12005DB4D9D1}.Release|x86.Build.0 = Release|Win32
	EndGlobalSection
	GlobalSection(SolutionProperties) = preSolution
		HideSolutionNode = FALSE
	EndGlobalSection
	GlobalSection(ExtensibilityGlobals) = postSolution
		SolutionGuid = {E16A0BE9-517C-4E21-BBB9-9CBA8887013D}
	EndGlobalSection
EndGlobal
